
Microsoft Visual Studio Solution File, Format Version 12.00
# Visual Studio Version 16
VisualStudioVersion = 16.0.30907.101
MinimumVisualStudioVersion = 10.0.40219.1
Project("{FAE04EC0-301F-11D3-BF4B-00C04F79EFBC}") = "MvcMovie", "MvcMovie\MvcMovie.csproj", "{99090137-112F-4EB2-9ED8-82440F905832}"
EndProject
Global
	GlobalSection(SolutionConfigurationPlatforms) = preSolution
		Debug|Any CPU = Debug|Any CPU
		Release|Any CPU = Release|Any CPU
	EndGlobalSection
	GlobalSection(ProjectConfigurationPlatforms) = postSolution
		{99090137-112F-4EB2-9ED8-82440F905832}.Debug|Any CPU.ActiveCfg = Debug|Any CPU
		{99090137-112F-4EB2-9ED8-82440F905832}.Debug|Any CPU.Build.0 = Debug|Any CPU
		{99090137-112F-4EB2-9ED8-82440F905832}.Release|Any CPU.ActiveCfg = Release|Any CPU
		{99090137-112F-4EB2-9ED8-82440F905832}.Release|Any CPU.Build.0 = Release|Any CPU
	EndGlobalSection
	GlobalSection(SolutionProperties) = preSolution
		HideSolutionNode = FALSE
	EndGlobalSection
	GlobalSection(ExtensibilityGlobals) = postSolution
		SolutionGuid = {0A986ED0-C487-4555-AB5F-3381D2F95D9A}
	EndGlobalSection
EndGlobal
